
Microsoft Visual Studio Solution File, Format Version 12.00
# Visual Studio Version 17
VisualStudioVersion = 17.14.36301.6 d17.14
MinimumVisualStudioVersion = 10.0.40219.1
Project("{8BC9CEB8-8B4A-11D0-8D11-00A0C91BC942}") = "student report card", "student report card\student report card.vcxproj", "{F437DB1B-99F1-475C-B769-906243632AB1}"
EndProject
Global
	GlobalSection(SolutionConfigurationPlatforms) = preSolution
		Debug|x64 = Debug|x64
		Debug|x86 = Debug|x86
		Release|x64 = Release|x64
		Release|x86 = Release|x86
	EndGlobalSection
	GlobalSection(ProjectConfigurationPlatforms) = postSolution
		{F437DB1B-99F1-475C-B769-906243632AB1}.Debug|x64.ActiveCfg = Debug|x64
		{F437DB1B-99F1-475C-B769-906243632AB1}.Debug|x64.Build.0 = Debug|x64
		{F437DB1B-99F1-475C-B769-906243632AB1}.Debug|x86.ActiveCfg = Debug|Win32
		{F437DB1B-99F1-475C-B769-906243632AB1}.Debug|x86.Build.0 = Debug|Win32
		{F437DB1B-99F1-475C-B769-906243632AB1}.Release|x64.ActiveCfg = Release|x64
		{F437DB1B-99F1-475C-B769-906243632AB1}.Release|x64.Build.0 = Release|x64
		{F437DB1B-99F1-475C-B769-906243632AB1}.Release|x86.ActiveCfg = Release|Win32
		{F437DB1B-99F1-475C-B769-906243632AB1}.Release|x86.Build.0 = Release|Win32
	EndGlobalSection
	GlobalSection(SolutionProperties) = preSolution
		HideSolutionNode = FALSE
	EndGlobalSection
	GlobalSection(ExtensibilityGlobals) = postSolution
		SolutionGuid = {3DB214C2-3E00-4B1A-BAFF-261515BF531A}
	EndGlobalSection
EndGlobal
